
Microsoft Visual Studio Solution File, Format Version 12.00
# Visual Studio Version 17
VisualStudioVersion = 17.0.31903.59
MinimumVisualStudioVersion = 10.0.40219.1
Project("{2150E333-8FDC-42A3-9474-1A3956D46DE8}") = "src", "src", "{9704F57B-5558-4479-9B01-A8FD4BB49D7D}"
EndProject
Project("{2150E333-8FDC-42A3-9474-1A3956D46DE8}") = "tests", "tests", "{4F99F2B1-5E6E-44B9-9BD9-64600769BFFE}"
EndProject
Project("{2150E333-8FDC-42A3-9474-1A3956D46DE8}") = "core", "core", "{5FFF5D84-BD2A-48B9-AB20-9E05AEC76651}"
EndProject
Project("{2150E333-8FDC-42A3-9474-1A3956D46DE8}") = "external", "external", "{65C12BEB-1971-440C-9392-4010C2BD5D45}"
EndProject
Project("{9A19103F-16F7-4668-BE54-9A1E7A4F7556}") = "Domain", "Domain\Domain.csproj", "{0F2A618B-8656-4DF5-9E9C-E639C5E40708}"
EndProject
Project("{9A19103F-16F7-4668-BE54-9A1E7A4F7556}") = "Application", "Application\Application.csproj", "{07DCC984-422C-4E6F-A7C6-9DD98B1C87AC}"
EndProject
Project("{9A19103F-16F7-4668-BE54-9A1E7A4F7556}") = "Infrastructure", "Infrastructure\Infrastructure.csproj", "{9DCB6BA2-AA2A-4D4F-A64D-DD55AB4C2FD4}"
EndProject
Project("{9A19103F-16F7-4668-BE54-9A1E7A4F7556}") = "Persistance", "Persistance\Persistance.csproj", "{6AD7BD71-C182-4AEB-AC9C-D7440A5F123C}"
EndProject
Project("{9A19103F-16F7-4668-BE54-9A1E7A4F7556}") = "Presentation", "Presentation\Presentation.csproj", "{2C0ED8BD-77EF-473D-9304-13D130337770}"
EndProject
Project("{9A19103F-16F7-4668-BE54-9A1E7A4F7556}") = "ArchitectureTests", "ArchitectureTests\ArchitectureTests.csproj", "{39A869BE-D388-486B-9AAC-EC29FF8A1775}"
EndProject
Global
	GlobalSection(SolutionConfigurationPlatforms) = preSolution
		Debug|Any CPU = Debug|Any CPU
		Release|Any CPU = Release|Any CPU
	EndGlobalSection
	GlobalSection(ProjectConfigurationPlatforms) = postSolution
		{0F2A618B-8656-4DF5-9E9C-E639C5E40708}.Debug|Any CPU.ActiveCfg = Debug|Any CPU
		{0F2A618B-8656-4DF5-9E9C-E639C5E40708}.Debug|Any CPU.Build.0 = Debug|Any CPU
		{0F2A618B-8656-4DF5-9E9C-E639C5E40708}.Release|Any CPU.ActiveCfg = Release|Any CPU
		{0F2A618B-8656-4DF5-9E9C-E639C5E40708}.Release|Any CPU.Build.0 = Release|Any CPU
		{07DCC984-422C-4E6F-A7C6-9DD98B1C87AC}.Debug|Any CPU.ActiveCfg = Debug|Any CPU
		{07DCC984-422C-4E6F-A7C6-9DD98B1C87AC}.Debug|Any CPU.Build.0 = Debug|Any CPU
		{07DCC984-422C-4E6F-A7C6-9DD98B1C87AC}.Release|Any CPU.ActiveCfg = Release|Any CPU
		{07DCC984-422C-4E6F-A7C6-9DD98B1C87AC}.Release|Any CPU.Build.0 = Release|Any CPU
		{9DCB6BA2-AA2A-4D4F-A64D-DD55AB4C2FD4}.Debug|Any CPU.ActiveCfg = Debug|Any CPU
		{9DCB6BA2-AA2A-4D4F-A64D-DD55AB4C2FD4}.Debug|Any CPU.Build.0 = Debug|Any CPU
		{9DCB6BA2-AA2A-4D4F-A64D-DD55AB4C2FD4}.Release|Any CPU.ActiveCfg = Release|Any CPU
		{9DCB6BA2-AA2A-4D4F-A64D-DD55AB4C2FD4}.Release|Any CPU.Build.0 = Release|Any CPU
		{6AD7BD71-C182-4AEB-AC9C-D7440A5F123C}.Debug|Any CPU.ActiveCfg = Debug|Any CPU
		{6AD7BD71-C182-4AEB-AC9C-D7440A5F123C}.Debug|Any CPU.Build.0 = Debug|Any CPU
		{6AD7BD71-C182-4AEB-AC9C-D7440A5F123C}.Release|Any CPU.ActiveCfg = Release|Any CPU
		{6AD7BD71-C182-4AEB-AC9C-D7440A5F123C}.Release|Any CPU.Build.0 = Release|Any CPU
		{2C0ED8BD-77EF-473D-9304-13D130337770}.Debug|Any CPU.ActiveCfg = Debug|Any CPU
		{2C0ED8BD-77EF-473D-9304-13D130337770}.Debug|Any CPU.Build.0 = Debug|Any CPU
		{2C0ED8BD-77EF-473D-9304-13D130337770}.Release|Any CPU.ActiveCfg = Release|Any CPU
		{2C0ED8BD-77EF-473D-9304-13D130337770}.Release|Any CPU.Build.0 = Release|Any CPU
		{39A869BE-D388-486B-9AAC-EC29FF8A1775}.Debug|Any CPU.ActiveCfg = Debug|Any CPU
		{39A869BE-D388-486B-9AAC-EC29FF8A1775}.Debug|Any CPU.Build.0 = Debug|Any CPU
		{39A869BE-D388-486B-9AAC-EC29FF8A1775}.Release|Any CPU.ActiveCfg = Release|Any CPU
		{39A869BE-D388-486B-9AAC-EC29FF8A1775}.Release|Any CPU.Build.0 = Release|Any CPU
	EndGlobalSection
	GlobalSection(SolutionProperties) = preSolution
		HideSolutionNode = FALSE
	EndGlobalSection
	GlobalSection(NestedProjects) = preSolution
		{5FFF5D84-BD2A-48B9-AB20-9E05AEC76651} = {9704F57B-5558-4479-9B01-A8FD4BB49D7D}
		{65C12BEB-1971-440C-9392-4010C2BD5D45} = {9704F57B-5558-4479-9B01-A8FD4BB49D7D}
		{0F2A618B-8656-4DF5-9E9C-E639C5E40708} = {5FFF5D84-BD2A-48B9-AB20-9E05AEC76651}
		{07DCC984-422C-4E6F-A7C6-9DD98B1C87AC} = {5FFF5D84-BD2A-48B9-AB20-9E05AEC76651}
		{9DCB6BA2-AA2A-4D4F-A64D-DD55AB4C2FD4} = {65C12BEB-1971-440C-9392-4010C2BD5D45}
		{6AD7BD71-C182-4AEB-AC9C-D7440A5F123C} = {65C12BEB-1971-440C-9392-4010C2BD5D45}
		{2C0ED8BD-77EF-473D-9304-13D130337770} = {65C12BEB-1971-440C-9392-4010C2BD5D45}
		{39A869BE-D388-486B-9AAC-EC29FF8A1775} = {4F99F2B1-5E6E-44B9-9BD9-64600769BFFE}
	EndGlobalSection
	GlobalSection(ExtensibilityGlobals) = postSolution
		SolutionGuid = {8EF3BDC6-E546-4514-AD7D-AE0A708DEB08}
	EndGlobalSection
EndGlobal
