
Microsoft Visual Studio Solution File, Format Version 12.00
# Visual Studio Version 17
VisualStudioVersion = 17.12.35527.113 d17.12
MinimumVisualStudioVersion = 10.0.40219.1
Project("{FAE04EC0-301F-11D3-BF4B-00C04F79EFBC}") = "IMS.WebApp", "IMS.WebApp\IMS.WebApp.csproj", "{DB0F27DE-7B7F-4107-A18D-7BA2BD733F8D}"
EndProject
Global
	GlobalSection(SolutionConfigurationPlatforms) = preSolution
		Debug|Any CPU = Debug|Any CPU
		Release|Any CPU = Release|Any CPU
	EndGlobalSection
	GlobalSection(ProjectConfigurationPlatforms) = postSolution
		{DB0F27DE-7B7F-4107-A18D-7BA2BD733F8D}.Debug|Any CPU.ActiveCfg = Debug|Any CPU
		{DB0F27DE-7B7F-4107-A18D-7BA2BD733F8D}.Debug|Any CPU.Build.0 = Debug|Any CPU
		{DB0F27DE-7B7F-4107-A18D-7BA2BD733F8D}.Release|Any CPU.ActiveCfg = Release|Any CPU
		{DB0F27DE-7B7F-4107-A18D-7BA2BD733F8D}.Release|Any CPU.Build.0 = Release|Any CPU
	EndGlobalSection
	GlobalSection(SolutionProperties) = preSolution
		HideSolutionNode = FALSE
	EndGlobalSection
EndGlobal
